github.com/inconshreveable/mousetrap v1.0.0/go.mod h1:PxqpIevigyE2G7u3NXJIT2ANytuPF1OarO4DADm73n8=
github.com/influxdata/influxdb v1.2.3-0.20170331210902-15e594fc09f1 h1:GUipvZTEOj/jmmk0RcCFL0JKMPuTiwivshNNc2cx5dk=
github.com/influxdata/influxdb v1.2.3-0.20170331210902-15e594fc09f1/go.mod h1:qZna6X/4elxqT3yI9iZYdZrWWdeFOOprn86kgg4+IzY=
github.com/nytlabs/gojee v0.0.0-20140331152115-5a79a1542dc0 h1:1de/FMBI8FBGkbOY52eyuV4xX9pSerAGQuaaj/5Wcs0=
github.com/nytlabs/gojee v0.0.0-20140331152115-5a79a1542dc0/go.mod h1:m12KGQ2nN4fGxy+5fbn3yY0qVUX8p2f6X4h8DisEeuU=
github.com/spf13/cobra v0.0.0-20170905172051-b78744579491 h1:XOya2OGpG7Q4gS4MYHRoFSTlBGnZD40X+Kw2ikFQFXE=
github.com/spf13/cobra v0.0.0-20170905172051-b78744579491/go.mod h1:1l0Ry5zgKvJasoi3XT1TypsSe7PqH0Sj9dhYf7v3XqQ=
github.com/spf13/pflag v1.0.1-0.20170901120850-7aff26db30c1 h1:eOB1Xq3T1JrZBdEhs4D+MhPROyvo149AJawmtL0SOA4=
github.com/spf13/pflag v1.0.1-0.20170901120850-7aff26db30c1/go.mod h1:DYY7MBk1bdzusC3SYhjObp+wFpr4gzcvqqNjLnInEg4=
github.com/unprofession-al/ruminant v0.0.0-20191011052855-fde1fad9a789 h1:DB0eKfHc54gdk8bv4enyZ+tUxifwLPuRYT7zAgpvqr4=
github.com/unprofession-al/ruminant v0.0.0-20191011052855-fde1fad9a789/go.mod h1:Hip7xBX3xpg8YiW/M3mwXFNHJVEabdvZCUXfJIgsL+4=
go.uber.org/atomic v1.1.0 h1:wm63V2eSi29VDCF8+5+V0ruTF+GgWT9cW/J9mpkPtRo=
go.uber.org/atomic v1.1.0/go.mod h1:gD2HeocX3+yG+ygLZcrzQJaqmWj9AIm7n08wl/qW/PE=
go.uber.org/zap v1.0.0-rc.1.0.20170216044757-066278dd4c1d h1:rdDvSyquU5frW5LDVHxWwMiu+fRUJdnDVuw55tqn1T8=
go.uber.org/zap v1.0.0-rc.1.0.20170216044757-066278dd4c1d/go.mod h1:vwi/ZaCAaUcBkycHslxD9B2zi4UTXhF60s6SWpuDF0Q=
gopkg.in/robfig/cron.v2 v2.0.0-20150107220207-be2e0b0deed5 h1:E846t8CnR+lv5nE+VuiKTDG/v1U2stad0QzddfJC7kY=
gopkg.in/robfig/cron.v2 v2.0.0-20150107220207-be2e0b0deed5/go.mod h1:hiOFpYm0ZJbusNj2ywpbrXowU3G8U6GIQzqn2mw1UIE=
gopkg.in/yaml.v2 v2.0.0-20160928153709-a5b47d31c556 h1:hKXbLW5oaJoQgs8KrzTLdF4PoHi+0oQPgea9TNtvE3E=
gopkg.in/yaml.v2 v2.0.0-20160928153709-a5b47d31c556/go.mod h1:JAlM8MvJe8wmxCU4Bli9HhUf9+ttbYbLASfIpnQbh74=
